
Microsoft Visual Studio Solution File, Format Version 12.00
# Visual Studio Version 17
VisualStudioVersion = 17.4.33110.190
MinimumVisualStudioVersion = 10.0.40219.1
Project("{FAE04EC0-301F-11D3-BF4B-00C04F79EFBC}") = "DiCho", "DiCho\DiCho.csproj", "{1F65BDE9-148C-44E6-AD72-472A74D7BC36}"
EndProject
Global
	GlobalSection(SolutionConfigurationPlatforms) = preSolution
		Debug|Any CPU = Debug|Any CPU
		Release|Any CPU = Release|Any CPU
	EndGlobalSection
	GlobalSection(ProjectConfigurationPlatforms) = postSolution
		{1F65BDE9-148C-44E6-AD72-472A74D7BC36}.Debug|Any CPU.ActiveCfg = Debug|Any CPU
		{1F65BDE9-148C-44E6-AD72-472A74D7BC36}.Debug|Any CPU.Build.0 = Debug|Any CPU
		{1F65BDE9-148C-44E6-AD72-472A74D7BC36}.Release|Any CPU.ActiveCfg = Release|Any CPU
		{1F65BDE9-148C-44E6-AD72-472A74D7BC36}.Release|Any CPU.Build.0 = Release|Any CPU
	EndGlobalSection
	GlobalSection(SolutionProperties) = preSolution
		HideSolutionNode = FALSE
	EndGlobalSection
	GlobalSection(ExtensibilityGlobals) = postSolution
		SolutionGuid = {F3694E20-B210-463F-85F9-7590DEC30AE1}
	EndGlobalSection
EndGlobal
